// !$*UTF8*$!
{
	archiveVersion = 1;
	classes = {
	};
	objectVersion = 46;
	objects = {

/* Begin PBXBuildFile section */
		9E07654E1E44BCC000136255 /* WCNewCommitViewController.h in Headers */ = {isa = PBXBuildFile; fileRef = 9E07654D1E44BCC000136255 /* WCNewCommitViewController.h */; };
		9E0765501E44BCE100136255 /* MMUIViewController.h in Headers */ = {isa = PBXBuildFile; fileRef = 9E07654F1E44BCE100136255 /* MMUIViewController.h */; };
		9E0765521E44BFE000136255 /* WCCommitViewAnimationDelegate-Protocol.h in Headers */ = {isa = PBXBuildFile; fileRef = 9E0765511E44BFE000136255 /* WCCommitViewAnimationDelegate-Protocol.h */; };
		9E37E5C01E50208200F0F3D5 /* SendMsgByMe.mm in Sources */ = {isa = PBXBuildFile; fileRef = 9E37E5BF1E50208200F0F3D5 /* SendMsgByMe.mm */; };
		9E37E5ED1E50BE0200F0F3D5 /* WXHook.plist in Resources */ = {isa = PBXBuildFile; fileRef = 9E37E5EA1E50BE0200F0F3D5 /* WXHook.plist */; };
		9E37E5EE1E50BE0200F0F3D5 /* WXHookIcon.png in Resources */ = {isa = PBXBuildFile; fileRef = 9E37E5EB1E50BE0200F0F3D5 /* WXHookIcon.png */; };
		9E37E5EF1E50BE0200F0F3D5 /* WXHookIcon@2x.png in Resources */ = {isa = PBXBuildFile; fileRef = 9E37E5EC1E50BE0200F0F3D5 /* WXHookIcon@2x.png */; };
		9E37E5F61E50BE7700F0F3D5 /* Localizable.strings in Resources */ = {isa = PBXBuildFile; fileRef = 9E37E5F11E50BE7700F0F3D5 /* Localizable.strings */; };
		9E37E5F71E50BE7700F0F3D5 /* Localizable.strings in Resources */ = {isa = PBXBuildFile; fileRef = 9E37E5F41E50BE7700F0F3D5 /* Localizable.strings */; };
		9E37E5FE1E51CE7700F0F3D5 /* TextMessageCellView.h in Headers */ = {isa = PBXBuildFile; fileRef = 9E37E5FD1E51CE7700F0F3D5 /* TextMessageCellView.h */; };
		9E37E6001E51CE9800F0F3D5 /* InSafari.mm in Sources */ = {isa = PBXBuildFile; fileRef = 9E37E5FF1E51CE9800F0F3D5 /* InSafari.mm */; };
		9E37E6021E51CEDC00F0F3D5 /* CommonMessageCellView.h in Headers */ = {isa = PBXBuildFile; fileRef = 9E37E6011E51CEDC00F0F3D5 /* CommonMessageCellView.h */; };
		9E37E6041E51CEF600F0F3D5 /* BaseMessageCellView.h in Headers */ = {isa = PBXBuildFile; fileRef = 9E37E6031E51CEF600F0F3D5 /* BaseMessageCellView.h */; };
		9E37E6061E51EDAC00F0F3D5 /* BaseChatCellView.h in Headers */ = {isa = PBXBuildFile; fileRef = 9E37E6051E51EDAC00F0F3D5 /* BaseChatCellView.h */; };
		9E37E6081E51F8AE00F0F3D5 /* TextMessageViewModel.h in Headers */ = {isa = PBXBuildFile; fileRef = 9E37E6071E51F8AE00F0F3D5 /* TextMessageViewModel.h */; };
		9E37E60A1E51F8D300F0F3D5 /* CommonMessageViewModel.h in Headers */ = {isa = PBXBuildFile; fileRef = 9E37E6091E51F8D300F0F3D5 /* CommonMessageViewModel.h */; };
		9E37E60C1E51F8F700F0F3D5 /* BaseMessageViewModel.h in Headers */ = {isa = PBXBuildFile; fileRef = 9E37E60B1E51F8F700F0F3D5 /* BaseMessageViewModel.h */; };
		9E37E60E1E51F91500F0F3D5 /* BaseChatViewModel.h in Headers */ = {isa = PBXBuildFile; fileRef = 9E37E60D1E51F91500F0F3D5 /* BaseChatViewModel.h */; };
		9E37E6101E51FA3100F0F3D5 /* SafariServices.framework in Frameworks */ = {isa = PBXBuildFile; fileRef = 9E37E60F1E51FA3100F0F3D5 /* SafariServices.framework */; };
		9E4A9EC31E4D7B220035AA65 /* WCRedEnvelopesSendedRedEnvelopesInfo.h in Headers */ = {isa = PBXBuildFile; fileRef = 9E4A9EC21E4D7B220035AA65 /* WCRedEnvelopesSendedRedEnvelopesInfo.h */; };
		9E4A9EFF1E4DBAC70035AA65 /* MMTitleView.h in Headers */ = {isa = PBXBuildFile; fileRef = 9E4A9EFE1E4DBAC70035AA65 /* MMTitleView.h */; };
		9E4A9F011E4DD95C0035AA65 /* RevokeMsg.mm in Sources */ = {isa = PBXBuildFile; fileRef = 9E4A9F001E4DD95C0035AA65 /* RevokeMsg.mm */; };
		9E4A9F031E4E40530035AA65 /* AnyStep.mm in Sources */ = {isa = PBXBuildFile; fileRef = 9E4A9F021E4E40530035AA65 /* AnyStep.mm */; };
		9E4A9F2E1E4F86380035AA65 /* libkarenlocalizer.dylib in Frameworks */ = {isa = PBXBuildFile; fileRef = 9E4A9F2D1E4F86380035AA65 /* libkarenlocalizer.dylib */; };
		9E4A9F321E4F88B70035AA65 /* WXHook.bundle in Resources */ = {isa = PBXBuildFile; fileRef = 9E4A9F311E4F88B70035AA65 /* WXHook.bundle */; };
		9E5B8CF61E5365DF009D8D34 /* SimpleMsgInfo.h in Headers */ = {isa = PBXBuildFile; fileRef = 9E5B8CF51E5365DF009D8D34 /* SimpleMsgInfo.h */; };
		9E5B8CF81E5365F6009D8D34 /* MsgResourceBrowseViewController.h in Headers */ = {isa = PBXBuildFile; fileRef = 9E5B8CF71E5365F6009D8D34 /* MsgResourceBrowseViewController.h */; };
		9E5B8CFA1E5366A7009D8D34 /* SimpleImgInfo.h in Headers */ = {isa = PBXBuildFile; fileRef = 9E5B8CF91E5366A7009D8D34 /* SimpleImgInfo.h */; };
		9E5B8CFC1E538204009D8D34 /* MsgFastBrowseView.h in Headers */ = {isa = PBXBuildFile; fileRef = 9E5B8CFB1E538204009D8D34 /* MsgFastBrowseView.h */; };
		9E5B8D131E53952D009D8D34 /* QuartzCore.framework in Frameworks */ = {isa = PBXBuildFile; fileRef = 9E5B8D121E53952D009D8D34 /* QuartzCore.framework */; };
		9E5B8D151E544628009D8D34 /* GroupContentOutput.mm in Sources */ = {isa = PBXBuildFile; fileRef = 9E5B8D141E544628009D8D34 /* GroupContentOutput.mm */; };
		9E66768B1E47721200C649FA /* MMServiceCenter.h in Headers */ = {isa = PBXBuildFile; fileRef = 9E66768A1E47721200C649FA /* MMServiceCenter.h */; };
		9E66768D1E47727200C649FA /* WCFacade.h in Headers */ = {isa = PBXBuildFile; fileRef = 9E66768C1E47727200C649FA /* WCFacade.h */; };
		9E66768F1E4773B800C649FA /* MMService.h in Headers */ = {isa = PBXBuildFile; fileRef = 9E66768E1E4773B800C649FA /* MMService.h */; };
		9E66769B1E477E6000C649FA /* CBaseContact.h in Headers */ = {isa = PBXBuildFile; fileRef = 9E66769A1E477E6000C649FA /* CBaseContact.h */; };
		9E66769D1E47823900C649FA /* WCUtil.h in Headers */ = {isa = PBXBuildFile; fileRef = 9E66769C1E47823900C649FA /* WCUtil.h */; };
		9E66769F1E4782FC00C649FA /* WCCommonService.h in Headers */ = {isa = PBXBuildFile; fileRef = 9E66769E1E4782FC00C649FA /* WCCommonService.h */; };
		9E6676A11E4783FA00C649FA /* WCSetting.h in Headers */ = {isa = PBXBuildFile; fileRef = 9E6676A01E4783FA00C649FA /* WCSetting.h */; };
		9E6676A31E478BD800C649FA /* Constants.h in Headers */ = {isa = PBXBuildFile; fileRef = 9E6676A21E478BD800C649FA /* Constants.h */; };
		9E6DBD391E44CC97003575D5 /* SightDraft.h in Headers */ = {isa = PBXBuildFile; fileRef = 9E6DBD381E44CC97003575D5 /* SightDraft.h */; };
		9E6DBD3B1E44CD0E003575D5 /* MMObject.h in Headers */ = {isa = PBXBuildFile; fileRef = 9E6DBD3A1E44CD0E003575D5 /* MMObject.h */; };
		9E87A79C1E47265F007F6DD5 /* WXHook.mm in Sources */ = {isa = PBXBuildFile; fileRef = 9E87A79B1E47265F007F6DD5 /* WXHook.mm */; };
		9E87A79E1E47315E007F6DD5 /* TimelineForward.mm in Sources */ = {isa = PBXBuildFile; fileRef = 9E87A79D1E47315E007F6DD5 /* TimelineForward.mm */; };
		9E87A7A01E4731BF007F6DD5 /* JailBreakHelper.mm in Sources */ = {isa = PBXBuildFile; fileRef = 9E87A79F1E4731BF007F6DD5 /* JailBreakHelper.mm */; };
		9E87A7A21E4739EB007F6DD5 /* ScreenshotForward.mm in Sources */ = {isa = PBXBuildFile; fileRef = 9E87A7A11E4739EB007F6DD5 /* ScreenshotForward.mm */; };
		9E89A5991E4971F1009966E9 /* CMessageWrap.h in Headers */ = {isa = PBXBuildFile; fileRef = 9E89A5981E4971F1009966E9 /* CMessageWrap.h */; };
		9E89A59B1E49726E009966E9 /* SettingUtil.h in Headers */ = {isa = PBXBuildFile; fileRef = 9E89A59A1E49726E009966E9 /* SettingUtil.h */; };
		9E89A59D1E497365009966E9 /* MMNewSessionMgr.h in Headers */ = {isa = PBXBuildFile; fileRef = 9E89A59C1E497365009966E9 /* MMNewSessionMgr.h */; };
		9E89A59F1E4980CA009966E9 /* MicroMessengerAppDelegate.mm in Sources */ = {isa = PBXBuildFile; fileRef = 9E89A59E1E4980CA009966E9 /* MicroMessengerAppDelegate.mm */; };
		9E89A5A11E49D409009966E9 /* Newline.mm in Sources */ = {isa = PBXBuildFile; fileRef = 9E89A5A01E49D409009966E9 /* Newline.mm */; };
		9E89A5A31E49D4E6009966E9 /* NSConcreteNotification.h in Headers */ = {isa = PBXBuildFile; fileRef = 9E89A5A21E49D4E6009966E9 /* NSConcreteNotification.h */; };
		9E89A5A51E49D569009966E9 /* MMTextView.h in Headers */ = {isa = PBXBuildFile; fileRef = 9E89A5A41E49D569009966E9 /* MMTextView.h */; };
		9E89A5A71E49D67E009966E9 /* MMUITextView.h in Headers */ = {isa = PBXBuildFile; fileRef = 9E89A5A61E49D67E009966E9 /* MMUITextView.h */; };
		9E89A5A91E49D7CC009966E9 /* MMGrowTextView.h in Headers */ = {isa = PBXBuildFile; fileRef = 9E89A5A81E49D7CC009966E9 /* MMGrowTextView.h */; };
		9E89A5AB1E49D87A009966E9 /* MMUIView.h in Headers */ = {isa = PBXBuildFile; fileRef = 9E89A5AA1E49D87A009966E9 /* MMUIView.h */; };
		9E89A5AD1E49F1F6009966E9 /* TouchScreenshot.mm in Sources */ = {isa = PBXBuildFile; fileRef = 9E89A5AC1E49F1F6009966E9 /* TouchScreenshot.mm */; };
		9E89A5AF1E4A00CF009966E9 /* CoreGraphics.framework in Frameworks */ = {isa = PBXBuildFile; fileRef = 9E89A5AE1E4A00CF009966E9 /* CoreGraphics.framework */; };
		9E89A5B11E4A1444009966E9 /* BaseMsgContentViewController.h in Headers */ = {isa = PBXBuildFile; fileRef = 9E89A5B01E4A1444009966E9 /* BaseMsgContentViewController.h */; };
		9E89A5B31E4A146A009966E9 /* MMSearchBarDisplayController.h in Headers */ = {isa = PBXBuildFile; fileRef = 9E89A5B21E4A146A009966E9 /* MMSearchBarDisplayController.h */; };
		9E89A5B51E4B32BE009966E9 /* WCRedEnvelopesTodayHistory.mm in Sources */ = {isa = PBXBuildFile; fileRef = 9E89A5B41E4B32BE009966E9 /* WCRedEnvelopesTodayHistory.mm */; };
		9E8C30961E463215002EB3B9 /* Notification.h in Headers */ = {isa = PBXBuildFile; fileRef = 9E8C30951E463215002EB3B9 /* Notification.h */; };
		9E9369271E4B784B0066E786 /* WCRedEnvelopesControlData.h in Headers */ = {isa = PBXBuildFile; fileRef = 9E9369261E4B784B0066E786 /* WCRedEnvelopesControlData.h */; };
		9E9369291E4B7BDD0066E786 /* WCRedEnvelopesHistoryInfo.h in Headers */ = {isa = PBXBuildFile; fileRef = 9E9369281E4B7BDD0066E786 /* WCRedEnvelopesHistoryInfo.h */; };
		9E93692B1E4B80A80066E786 /* WCRedEnvelopesReceivedRedEnvelopesInfo.h in Headers */ = {isa = PBXBuildFile; fileRef = 9E93692A1E4B80A80066E786 /* WCRedEnvelopesReceivedRedEnvelopesInfo.h */; };
		9E93692D1E4B83100066E786 /* WCRedEnvelopesRedEnvelopesHistoryListViewController.h in Headers */ = {isa = PBXBuildFile; fileRef = 9E93692C1E4B83100066E786 /* WCRedEnvelopesRedEnvelopesHistoryListViewController.h */; };
		9E93692F1E4B89060066E786 /* WCRedEnvelopesBaseViewController.h in Headers */ = {isa = PBXBuildFile; fileRef = 9E93692E1E4B89060066E786 /* WCRedEnvelopesBaseViewController.h */; };
		9E9369311E4B89270066E786 /* WCBizBaseViewController.h in Headers */ = {isa = PBXBuildFile; fileRef = 9E9369301E4B89270066E786 /* WCBizBaseViewController.h */; };
		9E9369331E4B93FF0066E786 /* WCRedEnvelopesHistoryListControlLogic.h in Headers */ = {isa = PBXBuildFile; fileRef = 9E9369321E4B93FF0066E786 /* WCRedEnvelopesHistoryListControlLogic.h */; };
		9E9369351E4B95AF0066E786 /* WCRedEnvelopesControlLogic.h in Headers */ = {isa = PBXBuildFile; fileRef = 9E9369341E4B95AF0066E786 /* WCRedEnvelopesControlLogic.h */; };
		9E9369371E4B95C50066E786 /* WCBizControlLogic.h in Headers */ = {isa = PBXBuildFile; fileRef = 9E9369361E4B95C50066E786 /* WCBizControlLogic.h */; };
		9E9369391E4B95D70066E786 /* WCBaseControlLogic.h in Headers */ = {isa = PBXBuildFile; fileRef = 9E9369381E4B95D70066E786 /* WCBaseControlLogic.h */; };
		9E93693B1E4CE9E20066E786 /* WCPayPickerView.h in Headers */ = {isa = PBXBuildFile; fileRef = 9E93693A1E4CE9E20066E786 /* WCPayPickerView.h */; };
		9EBBAA911E485735009EBC72 /* ForwardMessageMgr.h in Headers */ = {isa = PBXBuildFile; fileRef = 9EBBAA901E485735009EBC72 /* ForwardMessageMgr.h */; };
		9EBBAA931E48F53E009EBC72 /* MessageService.h in Headers */ = {isa = PBXBuildFile; fileRef = 9EBBAA921E48F53E009EBC72 /* MessageService.h */; };
		9EE69C381E39E0C800732B62 /* Foundation.framework in Frameworks */ = {isa = PBXBuildFile; fileRef = 9EE69C371E39E0C800732B62 /* Foundation.framework */; };
		9EE69C521E39EB0900732B62 /* libsubstrate.dylib in Frameworks */ = {isa = PBXBuildFile; fileRef = 9EE69C511E39EB0900732B62 /* libsubstrate.dylib */; };
		9EE69C541E39EB5700732B62 /* UIKit.framework in Frameworks */ = {isa = PBXBuildFile; fileRef = 9EE69C531E39EB5700732B62 /* UIKit.framework */; };
/* End PBXBuildFile section */

/* Begin PBXFileReference section */
		9E07654D1E44BCC000136255 /* WCNewCommitViewController.h */ = {isa = PBXFileReference; fileEncoding = 4; lastKnownFileType = sourcecode.c.h; path = WCNewCommitViewController.h; sourceTree = "<group>"; };
		9E07654F1E44BCE100136255 /* MMUIViewController.h */ = {isa = PBXFileReference; fileEncoding = 4; lastKnownFileType = sourcecode.c.h; path = MMUIViewController.h; sourceTree = "<group>"; };
		9E0765511E44BFE000136255 /* WCCommitViewAnimationDelegate-Protocol.h */ = {isa = PBXFileReference; fileEncoding = 4; lastKnownFileType = sourcecode.c.h; path = "WCCommitViewAnimationDelegate-Protocol.h"; sourceTree = "<group>"; };
		9E37E5BF1E50208200F0F3D5 /* SendMsgByMe.mm */ = {isa = PBXFileReference; fileEncoding = 4; lastKnownFileType = sourcecode.cpp.objcpp; path = SendMsgByMe.mm; sourceTree = "<group>"; };
		9E37E5EA1E50BE0200F0F3D5 /* WXHook.plist */ = {isa = PBXFileReference; fileEncoding = 4; lastKnownFileType = text.plist.xml; path = WXHook.plist; sourceTree = "<group>"; };
		9E37E5EB1E50BE0200F0F3D5 /* WXHookIcon.png */ = {isa = PBXFileReference; lastKnownFileType = image.png; path = WXHookIcon.png; sourceTree = "<group>"; };
		9E37E5EC1E50BE0200F0F3D5 /* WXHookIcon@2x.png */ = {isa = PBXFileReference; lastKnownFileType = image.png; path = "WXHookIcon@2x.png"; sourceTree = "<group>"; };
		9E37E5F21E50BE7700F0F3D5 /* en */ = {isa = PBXFileReference; lastKnownFileType = text.plist.strings; name = en; path = Localizable.strings; sourceTree = "<group>"; };
		9E37E5F51E50BE7700F0F3D5 /* zh-Hans */ = {isa = PBXFileReference; lastKnownFileType = text.plist.strings; name = "zh-Hans"; path = Localizable.strings; sourceTree = "<group>"; };
		9E37E5FD1E51CE7700F0F3D5 /* TextMessageCellView.h */ = {isa = PBXFileReference; fileEncoding = 4; lastKnownFileType = sourcecode.c.h; path = TextMessageCellView.h; sourceTree = "<group>"; };
		9E37E5FF1E51CE9800F0F3D5 /* InSafari.mm */ = {isa = PBXFileReference; fileEncoding = 4; lastKnownFileType = sourcecode.cpp.objcpp; path = InSafari.mm; sourceTree = "<group>"; };
		9E37E6011E51CEDC00F0F3D5 /* CommonMessageCellView.h */ = {isa = PBXFileReference; fileEncoding = 4; lastKnownFileType = sourcecode.c.h; path = CommonMessageCellView.h; sourceTree = "<group>"; };
		9E37E6031E51CEF600F0F3D5 /* BaseMessageCellView.h */ = {isa = PBXFileReference; fileEncoding = 4; lastKnownFileType = sourcecode.c.h; path = BaseMessageCellView.h; sourceTree = "<group>"; };
		9E37E6051E51EDAC00F0F3D5 /* BaseChatCellView.h */ = {isa = PBXFileReference; fileEncoding = 4; lastKnownFileType = sourcecode.c.h; path = BaseChatCellView.h; sourceTree = "<group>"; };
		9E37E6071E51F8AE00F0F3D5 /* TextMessageViewModel.h */ = {isa = PBXFileReference; fileEncoding = 4; lastKnownFileType = sourcecode.c.h; path = TextMessageViewModel.h; sourceTree = "<group>"; };
		9E37E6091E51F8D300F0F3D5 /* CommonMessageViewModel.h */ = {isa = PBXFileReference; fileEncoding = 4; lastKnownFileType = sourcecode.c.h; path = CommonMessageViewModel.h; sourceTree = "<group>"; };
		9E37E60B1E51F8F700F0F3D5 /* BaseMessageViewModel.h */ = {isa = PBXFileReference; fileEncoding = 4; lastKnownFileType = sourcecode.c.h; path = BaseMessageViewModel.h; sourceTree = "<group>"; };
		9E37E60D1E51F91500F0F3D5 /* BaseChatViewModel.h */ = {isa = PBXFileReference; fileEncoding = 4; lastKnownFileType = sourcecode.c.h; path = BaseChatViewModel.h; sourceTree = "<group>"; };
		9E37E60F1E51FA3100F0F3D5 /* SafariServices.framework */ = {isa = PBXFileReference; lastKnownFileType = wrapper.framework; name = SafariServices.framework; path = System/Library/Frameworks/SafariServices.framework; sourceTree = SDKROOT; };
		9E4A9EC21E4D7B220035AA65 /* WCRedEnvelopesSendedRedEnvelopesInfo.h */ = {isa = PBXFileReference; fileEncoding = 4; lastKnownFileType = sourcecode.c.h; path = WCRedEnvelopesSendedRedEnvelopesInfo.h; sourceTree = "<group>"; };
		9E4A9EFE1E4DBAC70035AA65 /* MMTitleView.h */ = {isa = PBXFileReference; fileEncoding = 4; lastKnownFileType = sourcecode.c.h; path = MMTitleView.h; sourceTree = "<group>"; };
		9E4A9F001E4DD95C0035AA65 /* RevokeMsg.mm */ = {isa = PBXFileReference; fileEncoding = 4; lastKnownFileType = sourcecode.cpp.objcpp; path = RevokeMsg.mm; sourceTree = "<group>"; };
		9E4A9F021E4E40530035AA65 /* AnyStep.mm */ = {isa = PBXFileReference; fileEncoding = 4; lastKnownFileType = sourcecode.cpp.objcpp; path = AnyStep.mm; sourceTree = "<group>"; };
		9E4A9F2D1E4F86380035AA65 /* libkarenlocalizer.dylib */ = {isa = PBXFileReference; lastKnownFileType = "compiled.mach-o.dylib"; name = libkarenlocalizer.dylib; path = ../../../../opt/theos/lib/libkarenlocalizer.dylib; sourceTree = "<group>"; };
		9E4A9F311E4F88B70035AA65 /* WXHook.bundle */ = {isa = PBXFileReference; lastKnownFileType = "wrapper.plug-in"; path = WXHook.bundle; sourceTree = "<group>"; };
		9E5B8CF51E5365DF009D8D34 /* SimpleMsgInfo.h */ = {isa = PBXFileReference; fileEncoding = 4; lastKnownFileType = sourcecode.c.h; path = SimpleMsgInfo.h; sourceTree = "<group>"; };
		9E5B8CF71E5365F6009D8D34 /* MsgResourceBrowseViewController.h */ = {isa = PBXFileReference; fileEncoding = 4; lastKnownFileType = sourcecode.c.h; path = MsgResourceBrowseViewController.h; sourceTree = "<group>"; };
		9E5B8CF91E5366A7009D8D34 /* SimpleImgInfo.h */ = {isa = PBXFileReference; fileEncoding = 4; lastKnownFileType = sourcecode.c.h; path = SimpleImgInfo.h; sourceTree = "<group>"; };
		9E5B8CFB1E538204009D8D34 /* MsgFastBrowseView.h */ = {isa = PBXFileReference; fileEncoding = 4; lastKnownFileType = sourcecode.c.h; path = MsgFastBrowseView.h; sourceTree = "<group>"; };
		9E5B8D121E53952D009D8D34 /* QuartzCore.framework */ = {isa = PBXFileReference; lastKnownFileType = wrapper.framework; name = QuartzCore.framework; path = System/Library/Frameworks/QuartzCore.framework; sourceTree = SDKROOT; };
		9E5B8D141E544628009D8D34 /* GroupContentOutput.mm */ = {isa = PBXFileReference; fileEncoding = 4; lastKnownFileType = sourcecode.cpp.objcpp; path = GroupContentOutput.mm; sourceTree = "<group>"; };
		9E66768A1E47721200C649FA /* MMServiceCenter.h */ = {isa = PBXFileReference; fileEncoding = 4; lastKnownFileType = sourcecode.c.h; path = MMServiceCenter.h; sourceTree = "<group>"; };
		9E66768C1E47727200C649FA /* WCFacade.h */ = {isa = PBXFileReference; fileEncoding = 4; lastKnownFileType = sourcecode.c.h; path = WCFacade.h; sourceTree = "<group>"; };
		9E66768E1E4773B800C649FA /* MMService.h */ = {isa = PBXFileReference; fileEncoding = 4; lastKnownFileType = sourcecode.c.h; path = MMService.h; sourceTree = "<group>"; };
		9E66769A1E477E6000C649FA /* CBaseContact.h */ = {isa = PBXFileReference; fileEncoding = 4; lastKnownFileType = sourcecode.c.h; path = CBaseContact.h; sourceTree = "<group>"; };
		9E66769C1E47823900C649FA /* WCUtil.h */ = {isa = PBXFileReference; fileEncoding = 4; lastKnownFileType = sourcecode.c.h; path = WCUtil.h; sourceTree = "<group>"; };
		9E66769E1E4782FC00C649FA /* WCCommonService.h */ = {isa = PBXFileReference; fileEncoding = 4; lastKnownFileType = sourcecode.c.h; path = WCCommonService.h; sourceTree = "<group>"; };
		9E6676A01E4783FA00C649FA /* WCSetting.h */ = {isa = PBXFileReference; fileEncoding = 4; lastKnownFileType = sourcecode.c.h; path = WCSetting.h; sourceTree = "<group>"; };
		9E6676A21E478BD800C649FA /* Constants.h */ = {isa = PBXFileReference; fileEncoding = 4; lastKnownFileType = sourcecode.c.h; path = Constants.h; sourceTree = "<group>"; };
		9E6DBD381E44CC97003575D5 /* SightDraft.h */ = {isa = PBXFileReference; fileEncoding = 4; lastKnownFileType = sourcecode.c.h; path = SightDraft.h; sourceTree = "<group>"; };
		9E6DBD3A1E44CD0E003575D5 /* MMObject.h */ = {isa = PBXFileReference; fileEncoding = 4; lastKnownFileType = sourcecode.c.h; path = MMObject.h; sourceTree = "<group>"; };
		9E87A79B1E47265F007F6DD5 /* WXHook.mm */ = {isa = PBXFileReference; fileEncoding = 4; lastKnownFileType = sourcecode.cpp.objcpp; path = WXHook.mm; sourceTree = "<group>"; };
		9E87A79D1E47315E007F6DD5 /* TimelineForward.mm */ = {isa = PBXFileReference; fileEncoding = 4; lastKnownFileType = sourcecode.cpp.objcpp; path = TimelineForward.mm; sourceTree = "<group>"; };
		9E87A79F1E4731BF007F6DD5 /* JailBreakHelper.mm */ = {isa = PBXFileReference; fileEncoding = 4; lastKnownFileType = sourcecode.cpp.objcpp; path = JailBreakHelper.mm; sourceTree = "<group>"; };
		9E87A7A11E4739EB007F6DD5 /* ScreenshotForward.mm */ = {isa = PBXFileReference; fileEncoding = 4; lastKnownFileType = sourcecode.cpp.objcpp; path = ScreenshotForward.mm; sourceTree = "<group>"; };
		9E89A5981E4971F1009966E9 /* CMessageWrap.h */ = {isa = PBXFileReference; fileEncoding = 4; lastKnownFileType = sourcecode.c.h; path = CMessageWrap.h; sourceTree = "<group>"; };
		9E89A59A1E49726E009966E9 /* SettingUtil.h */ = {isa = PBXFileReference; fileEncoding = 4; lastKnownFileType = sourcecode.c.h; path = SettingUtil.h; sourceTree = "<group>"; };
		9E89A59C1E497365009966E9 /* MMNewSessionMgr.h */ = {isa = PBXFileReference; fileEncoding = 4; lastKnownFileType = sourcecode.c.h; path = MMNewSessionMgr.h; sourceTree = "<group>"; };
		9E89A59E1E4980CA009966E9 /* MicroMessengerAppDelegate.mm */ = {isa = PBXFileReference; fileEncoding = 4; lastKnownFileType = sourcecode.cpp.objcpp; path = MicroMessengerAppDelegate.mm; sourceTree = "<group>"; };
		9E89A5A01E49D409009966E9 /* Newline.mm */ = {isa = PBXFileReference; fileEncoding = 4; lastKnownFileType = sourcecode.cpp.objcpp; path = Newline.mm; sourceTree = "<group>"; };
		9E89A5A21E49D4E6009966E9 /* NSConcreteNotification.h */ = {isa = PBXFileReference; fileEncoding = 4; lastKnownFileType = sourcecode.c.h; path = NSConcreteNotification.h; sourceTree = "<group>"; };
		9E89A5A41E49D569009966E9 /* MMTextView.h */ = {isa = PBXFileReference; fileEncoding = 4; lastKnownFileType = sourcecode.c.h; path = MMTextView.h; sourceTree = "<group>"; };
		9E89A5A61E49D67E009966E9 /* MMUITextView.h */ = {isa = PBXFileReference; fileEncoding = 4; lastKnownFileType = sourcecode.c.h; path = MMUITextView.h; sourceTree = "<group>"; };
		9E89A5A81E49D7CC009966E9 /* MMGrowTextView.h */ = {isa = PBXFileReference; fileEncoding = 4; lastKnownFileType = sourcecode.c.h; path = MMGrowTextView.h; sourceTree = "<group>"; };
		9E89A5AA1E49D87A009966E9 /* MMUIView.h */ = {isa = PBXFileReference; fileEncoding = 4; lastKnownFileType = sourcecode.c.h; path = MMUIView.h; sourceTree = "<group>"; };
		9E89A5AC1E49F1F6009966E9 /* TouchScreenshot.mm */ = {isa = PBXFileReference; fileEncoding = 4; lastKnownFileType = sourcecode.cpp.objcpp; path = TouchScreenshot.mm; sourceTree = "<group>"; };
		9E89A5AE1E4A00CF009966E9 /* CoreGraphics.framework */ = {isa = PBXFileReference; lastKnownFileType = wrapper.framework; name = CoreGraphics.framework; path = System/Library/Frameworks/CoreGraphics.framework; sourceTree = SDKROOT; };
		9E89A5B01E4A1444009966E9 /* BaseMsgContentViewController.h */ = {isa = PBXFileReference; fileEncoding = 4; lastKnownFileType = sourcecode.c.h; path = BaseMsgContentViewController.h; sourceTree = "<group>"; };
		9E89A5B21E4A146A009966E9 /* MMSearchBarDisplayController.h */ = {isa = PBXFileReference; fileEncoding = 4; lastKnownFileType = sourcecode.c.h; path = MMSearchBarDisplayController.h; sourceTree = "<group>"; };
		9E89A5B41E4B32BE009966E9 /* WCRedEnvelopesTodayHistory.mm */ = {isa = PBXFileReference; fileEncoding = 4; lastKnownFileType = sourcecode.cpp.objcpp; path = WCRedEnvelopesTodayHistory.mm; sourceTree = "<group>"; };
		9E8C30951E463215002EB3B9 /* Notification.h */ = {isa = PBXFileReference; fileEncoding = 4; lastKnownFileType = sourcecode.c.h; path = Notification.h; sourceTree = "<group>"; };
		9E9369261E4B784B0066E786 /* WCRedEnvelopesControlData.h */ = {isa = PBXFileReference; fileEncoding = 4; lastKnownFileType = sourcecode.c.h; path = WCRedEnvelopesControlData.h; sourceTree = "<group>"; };
		9E9369281E4B7BDD0066E786 /* WCRedEnvelopesHistoryInfo.h */ = {isa = PBXFileReference; fileEncoding = 4; lastKnownFileType = sourcecode.c.h; path = WCRedEnvelopesHistoryInfo.h; sourceTree = "<group>"; };
		9E93692A1E4B80A80066E786 /* WCRedEnvelopesReceivedRedEnvelopesInfo.h */ = {isa = PBXFileReference; fileEncoding = 4; lastKnownFileType = sourcecode.c.h; path = WCRedEnvelopesReceivedRedEnvelopesInfo.h; sourceTree = "<group>"; };
		9E93692C1E4B83100066E786 /* WCRedEnvelopesRedEnvelopesHistoryListViewController.h */ = {isa = PBXFileReference; fileEncoding = 4; lastKnownFileType = sourcecode.c.h; path = WCRedEnvelopesRedEnvelopesHistoryListViewController.h; sourceTree = "<group>"; };
		9E93692E1E4B89060066E786 /* WCRedEnvelopesBaseViewController.h */ = {isa = PBXFileReference; fileEncoding = 4; lastKnownFileType = sourcecode.c.h; path = WCRedEnvelopesBaseViewController.h; sourceTree = "<group>"; };
		9E9369301E4B89270066E786 /* WCBizBaseViewController.h */ = {isa = PBXFileReference; fileEncoding = 4; lastKnownFileType = sourcecode.c.h; path = WCBizBaseViewController.h; sourceTree = "<group>"; };
		9E9369321E4B93FF0066E786 /* WCRedEnvelopesHistoryListControlLogic.h */ = {isa = PBXFileReference; fileEncoding = 4; lastKnownFileType = sourcecode.c.h; path = WCRedEnvelopesHistoryListControlLogic.h; sourceTree = "<group>"; };
		9E9369341E4B95AF0066E786 /* WCRedEnvelopesControlLogic.h */ = {isa = PBXFileReference; fileEncoding = 4; lastKnownFileType = sourcecode.c.h; path = WCRedEnvelopesControlLogic.h; sourceTree = "<group>"; };
		9E9369361E4B95C50066E786 /* WCBizControlLogic.h */ = {isa = PBXFileReference; fileEncoding = 4; lastKnownFileType = sourcecode.c.h; path = WCBizControlLogic.h; sourceTree = "<group>"; };
		9E9369381E4B95D70066E786 /* WCBaseControlLogic.h */ = {isa = PBXFileReference; fileEncoding = 4; lastKnownFileType = sourcecode.c.h; path = WCBaseControlLogic.h; sourceTree = "<group>"; };
		9E93693A1E4CE9E20066E786 /* WCPayPickerView.h */ = {isa = PBXFileReference; fileEncoding = 4; lastKnownFileType = sourcecode.c.h; path = WCPayPickerView.h; sourceTree = "<group>"; };
		9EBBAA901E485735009EBC72 /* ForwardMessageMgr.h */ = {isa = PBXFileReference; fileEncoding = 4; lastKnownFileType = sourcecode.c.h; path = ForwardMessageMgr.h; sourceTree = "<group>"; };
		9EBBAA921E48F53E009EBC72 /* MessageService.h */ = {isa = PBXFileReference; fileEncoding = 4; lastKnownFileType = sourcecode.c.h; path = MessageService.h; sourceTree = "<group>"; };
		9EE69C341E39E0C800732B62 /* WXHook.dylib */ = {isa = PBXFileReference; explicitFileType = "compiled.mach-o.dylib"; includeInIndex = 0; path = WXHook.dylib; sourceTree = BUILT_PRODUCTS_DIR; };
		9EE69C371E39E0C800732B62 /* Foundation.framework */ = {isa = PBXFileReference; lastKnownFileType = wrapper.framework; name = Foundation.framework; path = System/Library/Frameworks/Foundation.framework; sourceTree = SDKROOT; };
		9EE69C3D1E39E0C800732B62 /* control */ = {isa = PBXFileReference; lastKnownFileType = text; name = control; path = Package/DEBIAN/control; sourceTree = "<group>"; };
		9EE69C3F1E39E0C800732B62 /* PackageVersion.plist */ = {isa = PBXFileReference; lastKnownFileType = text.plist.xml; path = PackageVersion.plist; sourceTree = "<group>"; };
		9EE69C461E39E0C800732B62 /* WXHook-Prefix.pch */ = {isa = PBXFileReference; lastKnownFileType = sourcecode.c.h; path = "WXHook-Prefix.pch"; sourceTree = "<group>"; };
		9EE69C4B1E39E0C800732B62 /* WXHook.plist */ = {isa = PBXFileReference; lastKnownFileType = text.plist.xml; name = WXHook.plist; path = Package/Library/MobileSubstrate/DynamicLibraries/WXHook.plist; sourceTree = "<group>"; };
		9EE69C511E39EB0900732B62 /* libsubstrate.dylib */ = {isa = PBXFileReference; lastKnownFileType = "compiled.mach-o.dylib"; name = libsubstrate.dylib; path = ../../../../opt/iOSOpenDev/lib/libsubstrate.dylib; sourceTree = "<group>"; };
		9EE69C531E39EB5700732B62 /* UIKit.framework */ = {isa = PBXFileReference; lastKnownFileType = wrapper.framework; name = UIKit.framework; path = System/Library/Frameworks/UIKit.framework; sourceTree = SDKROOT; };
/* End PBXFileReference section */

/* Begin PBXFrameworksBuildPhase section */
		9EE69C301E39E0C800732B62 /* Frameworks */ = {
			isa = PBXFrameworksBuildPhase;
			buildActionMask = 2147483647;
			files = (
				9E5B8D131E53952D009D8D34 /* QuartzCore.framework in Frameworks */,
				9E37E6101E51FA3100F0F3D5 /* SafariServices.framework in Frameworks */,
				9E4A9F2E1E4F86380035AA65 /* libkarenlocalizer.dylib in Frameworks */,
				9E89A5AF1E4A00CF009966E9 /* CoreGraphics.framework in Frameworks */,
				9EE69C541E39EB5700732B62 /* UIKit.framework in Frameworks */,
				9EE69C521E39EB0900732B62 /* libsubstrate.dylib in Frameworks */,
				9EE69C381E39E0C800732B62 /* Foundation.framework in Frameworks */,
			);
			runOnlyForDeploymentPostprocessing = 0;
		};
/* End PBXFrameworksBuildPhase section */

/* Begin PBXGroup section */
		9E37E5E21E50BCDA00F0F3D5 /* Preferences */ = {
			isa = PBXGroup;
			children = (
				9E37E5E91E50BE0200F0F3D5 /* WXHook */,
			);
			name = Preferences;
			path = Package/Library/PreferenceLoader/Preferences;
			sourceTree = "<group>";
		};
		9E37E5E91E50BE0200F0F3D5 /* WXHook */ = {
			isa = PBXGroup;
			children = (
				9E37E5F01E50BE7700F0F3D5 /* en.lproj */,
				9E37E5F31E50BE7700F0F3D5 /* zh-Hans.lproj */,
				9E37E5EA1E50BE0200F0F3D5 /* WXHook.plist */,
				9E37E5EB1E50BE0200F0F3D5 /* WXHookIcon.png */,
				9E37E5EC1E50BE0200F0F3D5 /* WXHookIcon@2x.png */,
			);
			path = WXHook;
			sourceTree = "<group>";
		};
		9E37E5F01E50BE7700F0F3D5 /* en.lproj */ = {
			isa = PBXGroup;
			children = (
				9E37E5F11E50BE7700F0F3D5 /* Localizable.strings */,
			);
			path = en.lproj;
			sourceTree = "<group>";
		};
		9E37E5F31E50BE7700F0F3D5 /* zh-Hans.lproj */ = {
			isa = PBXGroup;
			children = (
				9E37E5F41E50BE7700F0F3D5 /* Localizable.strings */,
			);
			path = "zh-Hans.lproj";
			sourceTree = "<group>";
		};
		9E4A9F301E4F88B70035AA65 /* KarenLocalizer */ = {
			isa = PBXGroup;
			children = (
				9E4A9F311E4F88B70035AA65 /* WXHook.bundle */,
			);
			name = KarenLocalizer;
			path = Package/Library/KarenLocalizer;
			sourceTree = "<group>";
		};
		9E87A79A1E47265F007F6DD5 /* function */ = {
			isa = PBXGroup;
			children = (
				9E6676A21E478BD800C649FA /* Constants.h */,
				9E87A79B1E47265F007F6DD5 /* WXHook.mm */,
				9E5B8D141E544628009D8D34 /* GroupContentOutput.mm */,
				9E37E5BF1E50208200F0F3D5 /* SendMsgByMe.mm */,
				9E37E5FF1E51CE9800F0F3D5 /* InSafari.mm */,
				9E4A9F021E4E40530035AA65 /* AnyStep.mm */,
				9E89A5B41E4B32BE009966E9 /* WCRedEnvelopesTodayHistory.mm */,
				9E89A5A01E49D409009966E9 /* Newline.mm */,
				9E4A9F001E4DD95C0035AA65 /* RevokeMsg.mm */,
				9E89A5AC1E49F1F6009966E9 /* TouchScreenshot.mm */,
				9E89A59E1E4980CA009966E9 /* MicroMessengerAppDelegate.mm */,
				9E87A7A11E4739EB007F6DD5 /* ScreenshotForward.mm */,
				9E87A79F1E4731BF007F6DD5 /* JailBreakHelper.mm */,
				9E87A79D1E47315E007F6DD5 /* TimelineForward.mm */,
			);
			path = function;
			sourceTree = "<group>";
		};
		9E8C30941E4631FE002EB3B9 /* tools */ = {
			isa = PBXGroup;
			children = (
				9E8C30951E463215002EB3B9 /* Notification.h */,
			);
			path = tools;
			sourceTree = "<group>";
		};
		9EC0BFD01E449958005EE512 /* header */ = {
			isa = PBXGroup;
			children = (
				9E5B8CF51E5365DF009D8D34 /* SimpleMsgInfo.h */,
				9E5B8CFB1E538204009D8D34 /* MsgFastBrowseView.h */,
				9E37E6071E51F8AE00F0F3D5 /* TextMessageViewModel.h */,
				9E5B8CF91E5366A7009D8D34 /* SimpleImgInfo.h */,
				9E5B8CF71E5365F6009D8D34 /* MsgResourceBrowseViewController.h */,
				9E37E60D1E51F91500F0F3D5 /* BaseChatViewModel.h */,
				9E37E60B1E51F8F700F0F3D5 /* BaseMessageViewModel.h */,
				9E37E6091E51F8D300F0F3D5 /* CommonMessageViewModel.h */,
				9E37E6051E51EDAC00F0F3D5 /* BaseChatCellView.h */,
				9E37E5FD1E51CE7700F0F3D5 /* TextMessageCellView.h */,
				9E4A9EFE1E4DBAC70035AA65 /* MMTitleView.h */,
				9E37E6031E51CEF600F0F3D5 /* BaseMessageCellView.h */,
				9E37E6011E51CEDC00F0F3D5 /* CommonMessageCellView.h */,
				9E4A9EC21E4D7B220035AA65 /* WCRedEnvelopesSendedRedEnvelopesInfo.h */,
				9E93693A1E4CE9E20066E786 /* WCPayPickerView.h */,
				9E9369261E4B784B0066E786 /* WCRedEnvelopesControlData.h */,
				9E9369281E4B7BDD0066E786 /* WCRedEnvelopesHistoryInfo.h */,
				9E89A5B21E4A146A009966E9 /* MMSearchBarDisplayController.h */,
				9E9369321E4B93FF0066E786 /* WCRedEnvelopesHistoryListControlLogic.h */,
				9E89A5B01E4A1444009966E9 /* BaseMsgContentViewController.h */,
				9EBBAA901E485735009EBC72 /* ForwardMessageMgr.h */,
				9E89A5AA1E49D87A009966E9 /* MMUIView.h */,
				9E9369341E4B95AF0066E786 /* WCRedEnvelopesControlLogic.h */,
				9E93692E1E4B89060066E786 /* WCRedEnvelopesBaseViewController.h */,
				9E9369361E4B95C50066E786 /* WCBizControlLogic.h */,
				9E9369301E4B89270066E786 /* WCBizBaseViewController.h */,
				9E93692C1E4B83100066E786 /* WCRedEnvelopesRedEnvelopesHistoryListViewController.h */,
				9E66769C1E47823900C649FA /* WCUtil.h */,
				9E89A59C1E497365009966E9 /* MMNewSessionMgr.h */,
				9E9369381E4B95D70066E786 /* WCBaseControlLogic.h */,
				9E66769A1E477E6000C649FA /* CBaseContact.h */,
				9E89A5A81E49D7CC009966E9 /* MMGrowTextView.h */,
				9E89A5A21E49D4E6009966E9 /* NSConcreteNotification.h */,
				9E89A5A41E49D569009966E9 /* MMTextView.h */,
				9EBBAA921E48F53E009EBC72 /* MessageService.h */,
				9E66768A1E47721200C649FA /* MMServiceCenter.h */,
				9E89A5981E4971F1009966E9 /* CMessageWrap.h */,
				9E89A59A1E49726E009966E9 /* SettingUtil.h */,
				9E93692A1E4B80A80066E786 /* WCRedEnvelopesReceivedRedEnvelopesInfo.h */,
				9E6DBD381E44CC97003575D5 /* SightDraft.h */,
				9E66769E1E4782FC00C649FA /* WCCommonService.h */,
				9E66768E1E4773B800C649FA /* MMService.h */,
				9E6676A01E4783FA00C649FA /* WCSetting.h */,
				9E89A5A61E49D67E009966E9 /* MMUITextView.h */,
				9E66768C1E47727200C649FA /* WCFacade.h */,
				9E6DBD3A1E44CD0E003575D5 /* MMObject.h */,
				9E0765511E44BFE000136255 /* WCCommitViewAnimationDelegate-Protocol.h */,
				9E07654F1E44BCE100136255 /* MMUIViewController.h */,
				9E07654D1E44BCC000136255 /* WCNewCommitViewController.h */,
			);
			path = header;
			sourceTree = "<group>";
		};
		9EE69C2A1E39E0C800732B62 = {
			isa = PBXGroup;
			children = (
				9EE69C391E39E0C800732B62 /* WXHook */,
				9EE69C361E39E0C800732B62 /* Frameworks */,
				9EE69C351E39E0C800732B62 /* Products */,
			);
			sourceTree = "<group>";
		};
		9EE69C351E39E0C800732B62 /* Products */ = {
			isa = PBXGroup;
			children = (
				9EE69C341E39E0C800732B62 /* WXHook.dylib */,
			);
			name = Products;
			sourceTree = "<group>";
		};
		9EE69C361E39E0C800732B62 /* Frameworks */ = {
			isa = PBXGroup;
			children = (
				9E5B8D121E53952D009D8D34 /* QuartzCore.framework */,
				9E37E60F1E51FA3100F0F3D5 /* SafariServices.framework */,
				9E4A9F2D1E4F86380035AA65 /* libkarenlocalizer.dylib */,
				9E89A5AE1E4A00CF009966E9 /* CoreGraphics.framework */,
				9EE69C531E39EB5700732B62 /* UIKit.framework */,
				9EE69C511E39EB0900732B62 /* libsubstrate.dylib */,
				9EE69C371E39E0C800732B62 /* Foundation.framework */,
			);
			name = Frameworks;
			sourceTree = "<group>";
		};
		9EE69C391E39E0C800732B62 /* WXHook */ = {
			isa = PBXGroup;
			children = (
				9E87A79A1E47265F007F6DD5 /* function */,
				9E8C30941E4631FE002EB3B9 /* tools */,
				9EC0BFD01E449958005EE512 /* header */,
				9EE69C3A1E39E0C800732B62 /* Package */,
				9EE69C3E1E39E0C800732B62 /* Supporting Files */,
			);
			path = WXHook;
			sourceTree = "<group>";
		};
		9EE69C3A1E39E0C800732B62 /* Package */ = {
			isa = PBXGroup;
			children = (
				9EE69C3B1E39E0C800732B62 /* DEBIAN */,
				9EE69C401E39E0C800732B62 /* Library */,
			);
			name = Package;
			sourceTree = "<group>";
		};
		9EE69C3B1E39E0C800732B62 /* DEBIAN */ = {
			isa = PBXGroup;
			children = (
				9EE69C3D1E39E0C800732B62 /* control */,
			);
			name = DEBIAN;
			sourceTree = "<group>";
		};
		9EE69C3E1E39E0C800732B62 /* Supporting Files */ = {
			isa = PBXGroup;
			children = (
				9EE69C3F1E39E0C800732B62 /* PackageVersion.plist */,
				9EE69C461E39E0C800732B62 /* WXHook-Prefix.pch */,
			);
			name = "Supporting Files";
			sourceTree = "<group>";
		};
		9EE69C401E39E0C800732B62 /* Library */ = {
			isa = PBXGroup;
			children = (
				9E4A9F301E4F88B70035AA65 /* KarenLocalizer */,
				9EE69C411E39E0C800732B62 /* PreferenceLoader */,
				9EE69C491E39E0C800732B62 /* MobileSubstrate */,
			);
			name = Library;
			sourceTree = "<group>";
		};
		9EE69C411E39E0C800732B62 /* PreferenceLoader */ = {
			isa = PBXGroup;
			children = (
				9E37E5E21E50BCDA00F0F3D5 /* Preferences */,
			);
			name = PreferenceLoader;
			sourceTree = "<group>";
		};
		9EE69C491E39E0C800732B62 /* MobileSubstrate */ = {
			isa = PBXGroup;
			children = (
				9EE69C4A1E39E0C800732B62 /* DynamicLibraries */,
			);
			name = MobileSubstrate;
			sourceTree = "<group>";
		};
		9EE69C4A1E39E0C800732B62 /* DynamicLibraries */ = {
			isa = PBXGroup;
			children = (
				9EE69C4B1E39E0C800732B62 /* WXHook.plist */,
			);
			name = DynamicLibraries;
			sourceTree = "<group>";
		};
/* End PBXGroup section */

/* Begin PBXHeadersBuildPhase section */
		9EE69C311E39E0C800732B62 /* Headers */ = {
			isa = PBXHeadersBuildPhase;
			buildActionMask = 2147483647;
			files = (
				9E89A5A51E49D569009966E9 /* MMTextView.h in Headers */,
				9E5B8CF81E5365F6009D8D34 /* MsgResourceBrowseViewController.h in Headers */,
				9E4A9EC31E4D7B220035AA65 /* WCRedEnvelopesSendedRedEnvelopesInfo.h in Headers */,
				9E07654E1E44BCC000136255 /* WCNewCommitViewController.h in Headers */,
				9E37E6061E51EDAC00F0F3D5 /* BaseChatCellView.h in Headers */,
				9E89A5B11E4A1444009966E9 /* BaseMsgContentViewController.h in Headers */,
				9E93693B1E4CE9E20066E786 /* WCPayPickerView.h in Headers */,
				9E37E60E1E51F91500F0F3D5 /* BaseChatViewModel.h in Headers */,
				9E89A5B31E4A146A009966E9 /* MMSearchBarDisplayController.h in Headers */,
				9E9369371E4B95C50066E786 /* WCBizControlLogic.h in Headers */,
				9E89A5A31E49D4E6009966E9 /* NSConcreteNotification.h in Headers */,
				9E37E5FE1E51CE7700F0F3D5 /* TextMessageCellView.h in Headers */,
				9E5B8CFC1E538204009D8D34 /* MsgFastBrowseView.h in Headers */,
				9E66768F1E4773B800C649FA /* MMService.h in Headers */,
				9E37E6041E51CEF600F0F3D5 /* BaseMessageCellView.h in Headers */,
				9E37E6021E51CEDC00F0F3D5 /* CommonMessageCellView.h in Headers */,
				9E66769B1E477E6000C649FA /* CBaseContact.h in Headers */,
				9E9369331E4B93FF0066E786 /* WCRedEnvelopesHistoryListControlLogic.h in Headers */,
				9E66769F1E4782FC00C649FA /* WCCommonService.h in Headers */,
				9E9369311E4B89270066E786 /* WCBizBaseViewController.h in Headers */,
				9E5B8CF61E5365DF009D8D34 /* SimpleMsgInfo.h in Headers */,
				9E5B8CFA1E5366A7009D8D34 /* SimpleImgInfo.h in Headers */,
				9E89A5A71E49D67E009966E9 /* MMUITextView.h in Headers */,
				9E37E6081E51F8AE00F0F3D5 /* TextMessageViewModel.h in Headers */,
				9E6676A31E478BD800C649FA /* Constants.h in Headers */,
				9E89A59B1E49726E009966E9 /* SettingUtil.h in Headers */,
				9E93692F1E4B89060066E786 /* WCRedEnvelopesBaseViewController.h in Headers */,
				9E6676A11E4783FA00C649FA /* WCSetting.h in Headers */,
				9E66768D1E47727200C649FA /* WCFacade.h in Headers */,
				9E89A5AB1E49D87A009966E9 /* MMUIView.h in Headers */,
				9E9369351E4B95AF0066E786 /* WCRedEnvelopesControlLogic.h in Headers */,
				9E37E60C1E51F8F700F0F3D5 /* BaseMessageViewModel.h in Headers */,
				9E89A5991E4971F1009966E9 /* CMessageWrap.h in Headers */,
				9E89A5A91E49D7CC009966E9 /* MMGrowTextView.h in Headers */,
				9E9369271E4B784B0066E786 /* WCRedEnvelopesControlData.h in Headers */,
				9E9369391E4B95D70066E786 /* WCBaseControlLogic.h in Headers */,
				9E89A59D1E497365009966E9 /* MMNewSessionMgr.h in Headers */,
				9E37E60A1E51F8D300F0F3D5 /* CommonMessageViewModel.h in Headers */,
				9E0765521E44BFE000136255 /* WCCommitViewAnimationDelegate-Protocol.h in Headers */,
				9E66768B1E47721200C649FA /* MMServiceCenter.h in Headers */,
				9E6DBD391E44CC97003575D5 /* SightDraft.h in Headers */,
				9E0765501E44BCE100136255 /* MMUIViewController.h in Headers */,
				9E6DBD3B1E44CD0E003575D5 /* MMObject.h in Headers */,
				9EBBAA931E48F53E009EBC72 /* MessageService.h in Headers */,
				9E66769D1E47823900C649FA /* WCUtil.h in Headers */,
				9E9369291E4B7BDD0066E786 /* WCRedEnvelopesHistoryInfo.h in Headers */,
				9E93692D1E4B83100066E786 /* WCRedEnvelopesRedEnvelopesHistoryListViewController.h in Headers */,
				9E4A9EFF1E4DBAC70035AA65 /* MMTitleView.h in Headers */,
				9EBBAA911E485735009EBC72 /* ForwardMessageMgr.h in Headers */,
				9E93692B1E4B80A80066E786 /* WCRedEnvelopesReceivedRedEnvelopesInfo.h in Headers */,
				9E8C30961E463215002EB3B9 /* Notification.h in Headers */,
			);
			runOnlyForDeploymentPostprocessing = 0;
		};
/* End PBXHeadersBuildPhase section */

/* Begin PBXNativeTarget section */
		9EE69C331E39E0C800732B62 /* WXHook */ = {
			isa = PBXNativeTarget;
			buildConfigurationList = 9EE69C4E1E39E0C800732B62 /* Build configuration list for PBXNativeTarget "WXHook" */;
			buildPhases = (
				9EE69C2F1E39E0C800732B62 /* Sources */,
				9EE69C301E39E0C800732B62 /* Frameworks */,
				9EE69C311E39E0C800732B62 /* Headers */,
				9EE69C321E39E0C800732B62 /* ShellScript */,
				9E6676A81E478FC900C649FA /* Resources */,
			);
			buildRules = (
			);
			dependencies = (
			);
			name = WXHook;
			productName = WXHook;
			productReference = 9EE69C341E39E0C800732B62 /* WXHook.dylib */;
			productType = "com.apple.product-type.library.dynamic";
		};
/* End PBXNativeTarget section */

/* Begin PBXProject section */
		9EE69C2B1E39E0C800732B62 /* Project object */ = {
			isa = PBXProject;
			attributes = {
				LastUpgradeCheck = 0820;
				TargetAttributes = {
					9EE69C331E39E0C800732B62 = {
						CreatedOnToolsVersion = 8.2.1;
						DevelopmentTeam = PP4NMXFF5F;
						ProvisioningStyle = Automatic;
					};
				};
			};
			buildConfigurationList = 9EE69C2E1E39E0C800732B62 /* Build configuration list for PBXProject "WXHook" */;
			compatibilityVersion = "Xcode 3.2";
			developmentRegion = English;
			hasScannedForEncodings = 0;
			knownRegions = (
				en,
				"zh-Hans",
			);
			mainGroup = 9EE69C2A1E39E0C800732B62;
			productRefGroup = 9EE69C351E39E0C800732B62 /* Products */;
			projectDirPath = "";
			projectRoot = "";
			targets = (
				9EE69C331E39E0C800732B62 /* WXHook */,
			);
		};
/* End PBXProject section */

/* Begin PBXResourcesBuildPhase section */
		9E6676A81E478FC900C649FA /* Resources */ = {
			isa = PBXResourcesBuildPhase;
			buildActionMask = 2147483647;
			files = (
				9E37E5F61E50BE7700F0F3D5 /* Localizable.strings in Resources */,
				9E37E5F71E50BE7700F0F3D5 /* Localizable.strings in Resources */,
				9E37E5ED1E50BE0200F0F3D5 /* WXHook.plist in Resources */,
				9E4A9F321E4F88B70035AA65 /* WXHook.bundle in Resources */,
				9E37E5EE1E50BE0200F0F3D5 /* WXHookIcon.png in Resources */,
				9E37E5EF1E50BE0200F0F3D5 /* WXHookIcon@2x.png in Resources */,
			);
			runOnlyForDeploymentPostprocessing = 0;
		};
/* End PBXResourcesBuildPhase section */

/* Begin PBXShellScriptBuildPhase section */
		9EE69C321E39E0C800732B62 /* ShellScript */ = {
			isa = PBXShellScriptBuildPhase;
			buildActionMask = 2147483647;
			files = (
			);
			inputPaths = (
			);
			outputPaths = (
			);
			runOnlyForDeploymentPostprocessing = 0;
			shellPath = /bin/sh;
			shellScript = "/opt/iOSOpenDev/bin/iosod --xcbp";
		};
/* End PBXShellScriptBuildPhase section */

/* Begin PBXSourcesBuildPhase section */
		9EE69C2F1E39E0C800732B62 /* Sources */ = {
			isa = PBXSourcesBuildPhase;
			buildActionMask = 2147483647;
			files = (
				9E4A9F011E4DD95C0035AA65 /* RevokeMsg.mm in Sources */,
				9E87A79E1E47315E007F6DD5 /* TimelineForward.mm in Sources */,
				9E37E5C01E50208200F0F3D5 /* SendMsgByMe.mm in Sources */,
				9E87A79C1E47265F007F6DD5 /* WXHook.mm in Sources */,
				9E37E6001E51CE9800F0F3D5 /* InSafari.mm in Sources */,
				9E89A5AD1E49F1F6009966E9 /* TouchScreenshot.mm in Sources */,
				9E4A9F031E4E40530035AA65 /* AnyStep.mm in Sources */,
				9E89A5A11E49D409009966E9 /* Newline.mm in Sources */,
				9E87A7A01E4731BF007F6DD5 /* JailBreakHelper.mm in Sources */,
				9E89A59F1E4980CA009966E9 /* MicroMessengerAppDelegate.mm in Sources */,
				9E89A5B51E4B32BE009966E9 /* WCRedEnvelopesTodayHistory.mm in Sources */,
				9E87A7A21E4739EB007F6DD5 /* ScreenshotForward.mm in Sources */,
				9E5B8D151E544628009D8D34 /* GroupContentOutput.mm in Sources */,
			);
			runOnlyForDeploymentPostprocessing = 0;
		};
/* End PBXSourcesBuildPhase section */

/* Begin PBXVariantGroup section */
		9E37E5F11E50BE7700F0F3D5 /* Localizable.strings */ = {
			isa = PBXVariantGroup;
			children = (
				9E37E5F21E50BE7700F0F3D5 /* en */,
			);
			name = Localizable.strings;
			sourceTree = "<group>";
		};
		9E37E5F41E50BE7700F0F3D5 /* Localizable.strings */ = {
			isa = PBXVariantGroup;
			children = (
				9E37E5F51E50BE7700F0F3D5 /* zh-Hans */,
			);
			name = Localizable.strings;
			sourceTree = "<group>";
		};
/* End PBXVariantGroup section */

/* Begin XCBuildConfiguration section */
		9EE69C4C1E39E0C800732B62 /* Debug */ = {
			isa = XCBuildConfiguration;
			buildSettings = {
				COPY_PHASE_STRIP = NO;
				EXCLUDED_RECURSIVE_SEARCH_PATH_SUBDIRECTORIES = "*.nib *.lproj *.gch (*) .DS_Store CVS .svn .git .hg *.xcodeproj *.xcode *.pbproj *.pbxproj";
				FRAMEWORK_SEARCH_PATHS = (
					"$(iOSOpenDevPath)/frameworks/**",
					"$(SDKROOT)/System/Library/PrivateFrameworks",
				);
				GCC_C_LANGUAGE_STANDARD = gnu99;
				GCC_DYNAMIC_NO_PIC = NO;
				GCC_OPTIMIZATION_LEVEL = 0;
				GCC_PREPROCESSOR_DEFINITIONS = (
					"DEBUG=1",
					"$(inherited)",
				);
				GCC_SYMBOLS_PRIVATE_EXTERN = NO;
				GCC_WARN_ABOUT_MISSING_PROTOTYPES = YES;
				GCC_WARN_ABOUT_RETURN_TYPE = YES;
				GCC_WARN_UNUSED_VARIABLE = YES;
				HEADER_SEARCH_PATHS = "$(iOSOpenDevPath)/include/**";
				IPHONEOS_DEPLOYMENT_TARGET = 10.2;
				LIBRARY_SEARCH_PATHS = "$(iOSOpenDevPath)/lib/**";
				SDKROOT = iphoneos;
				TARGETED_DEVICE_FAMILY = "1,2";
				VALIDATE_PRODUCT = NO;
				iOSOpenDevPath = /opt/iOSOpenDev;
			};
			name = Debug;
		};
		9EE69C4D1E39E0C800732B62 /* Release */ = {
			isa = XCBuildConfiguration;
			buildSettings = {
				COPY_PHASE_STRIP = YES;
				EXCLUDED_RECURSIVE_SEARCH_PATH_SUBDIRECTORIES = "*.nib *.lproj *.gch (*) .DS_Store CVS .svn .git .hg *.xcodeproj *.xcode *.pbproj *.pbxproj";
				FRAMEWORK_SEARCH_PATHS = (
					"$(iOSOpenDevPath)/frameworks/**",
					"$(SDKROOT)/System/Library/PrivateFrameworks",
				);
				GCC_C_LANGUAGE_STANDARD = gnu99;
				GCC_WARN_ABOUT_MISSING_PROTOTYPES = YES;
				GCC_WARN_ABOUT_RETURN_TYPE = YES;
				GCC_WARN_UNUSED_VARIABLE = YES;
				HEADER_SEARCH_PATHS = "$(iOSOpenDevPath)/include/**";
				IPHONEOS_DEPLOYMENT_TARGET = 10.2;
				LIBRARY_SEARCH_PATHS = "$(iOSOpenDevPath)/lib/**";
				SDKROOT = iphoneos;
				TARGETED_DEVICE_FAMILY = "1,2";
				VALIDATE_PRODUCT = YES;
				iOSOpenDevPath = /opt/iOSOpenDev;
			};
			name = Release;
		};
		9EE69C4F1E39E0C800732B62 /* Debug */ = {
			isa = XCBuildConfiguration;
			buildSettings = {
				CLANG_ENABLE_OBJC_WEAK = YES;
				CLANG_WARN__DUPLICATE_METHOD_MATCH = NO;
				CODE_SIGN_IDENTITY = "";
				DEVELOPMENT_TEAM = PP4NMXFF5F;
				DYLIB_COMPATIBILITY_VERSION = 1;
				DYLIB_CURRENT_VERSION = 1;
				GCC_ENABLE_BUILTIN_FUNCTIONS = YES;
				GCC_PRECOMPILE_PREFIX_HEADER = YES;
				GCC_PREFIX_HEADER = "WXHook/WXHook-Prefix.pch";
				GCC_WARN_ABOUT_MISSING_PROTOTYPES = YES;
				GCC_WARN_ALLOW_INCOMPLETE_PROTOCOL = YES;
				GCC_WARN_INHIBIT_ALL_WARNINGS = YES;
				GCC_WARN_UNDECLARED_SELECTOR = NO;
				INSTALL_PATH = /Library/MobileSubstrate/DynamicLibraries;
				IPHONEOS_DEPLOYMENT_TARGET = 9.0;
				LIBRARY_SEARCH_PATHS = (
					"$(inherited)",
					/opt/iOSOpenDev/lib,
					/opt/theos/lib,
				);
				PRODUCT_NAME = "$(TARGET_NAME)";
				WARNING_CFLAGS = (
					"-Wmissing-method-return-type",
					"-Wincomplete-implementation",
				);
				iOSOpenDevBuildPackageOnAnyBuild = NO;
				iOSOpenDevClearUiCacheOnInstall = NO;
				iOSOpenDevCopyOnBuild = NO;
				iOSOpenDevDevice = "";
				iOSOpenDevInstallOnAnyBuild = NO;
				iOSOpenDevInstallOnProfiling = YES;
				iOSOpenDevKillProcess = WeChat;
				iOSOpenDevRespringOnInstall = NO;
				iOSOpenDevUsePackageVersionPList = NO;
			};
			name = Debug;
		};
		9EE69C501E39E0C800732B62 /* Release */ = {
			isa = XCBuildConfiguration;
			buildSettings = {
				CLANG_ENABLE_OBJC_WEAK = YES;
				CLANG_WARN__DUPLICATE_METHOD_MATCH = NO;
				CODE_SIGN_IDENTITY = "";
				DEVELOPMENT_TEAM = PP4NMXFF5F;
				DYLIB_COMPATIBILITY_VERSION = 1;
				DYLIB_CURRENT_VERSION = 1;
				GCC_ENABLE_BUILTIN_FUNCTIONS = YES;
				GCC_PRECOMPILE_PREFIX_HEADER = YES;
				GCC_PREFIX_HEADER = "WXHook/WXHook-Prefix.pch";
				GCC_WARN_ABOUT_MISSING_PROTOTYPES = YES;
				GCC_WARN_ALLOW_INCOMPLETE_PROTOCOL = YES;
				GCC_WARN_INHIBIT_ALL_WARNINGS = YES;
				GCC_WARN_UNDECLARED_SELECTOR = NO;
				INSTALL_PATH = /Library/MobileSubstrate/DynamicLibraries;
				IPHONEOS_DEPLOYMENT_TARGET = 9.0;
				LIBRARY_SEARCH_PATHS = (
					"$(inherited)",
					/opt/iOSOpenDev/lib,
					/opt/theos/lib,
				);
				PRODUCT_NAME = "$(TARGET_NAME)";
				WARNING_CFLAGS = (
					"-Wmissing-method-return-type",
					"-Wincomplete-implementation",
				);
				iOSOpenDevBuildPackageOnAnyBuild = NO;
				iOSOpenDevClearUiCacheOnInstall = NO;
				iOSOpenDevCopyOnBuild = NO;
				iOSOpenDevDevice = "";
				iOSOpenDevInstallOnAnyBuild = NO;
				iOSOpenDevInstallOnProfiling = YES;
				iOSOpenDevKillProcess = WeChat;
				iOSOpenDevRespringOnInstall = NO;
				iOSOpenDevUsePackageVersionPList = NO;
			};
			name = Release;
		};
/* End XCBuildConfiguration section */

/* Begin XCConfigurationList section */
		9EE69C2E1E39E0C800732B62 /* Build configuration list for PBXProject "WXHook" */ = {
			isa = XCConfigurationList;
			buildConfigurations = (
				9EE69C4C1E39E0C800732B62 /* Debug */,
				9EE69C4D1E39E0C800732B62 /* Release */,
			);
			defaultConfigurationIsVisible = 0;
			defaultConfigurationName = Release;
		};
		9EE69C4E1E39E0C800732B62 /* Build configuration list for PBXNativeTarget "WXHook" */ = {
			isa = XCConfigurationList;
			buildConfigurations = (
				9EE69C4F1E39E0C800732B62 /* Debug */,
				9EE69C501E39E0C800732B62 /* Release */,
			);
			defaultConfigurationIsVisible = 0;
			defaultConfigurationName = Release;
		};
/* End XCConfigurationList section */
	};
	rootObject = 9EE69C2B1E39E0C800732B62 /* Project object */;
}
